
Microsoft Visual Studio Solution File, Format Version 12.00
# Visual Studio Version 17
VisualStudioVersion = 17.8.34330.188
MinimumVisualStudioVersion = 10.0.40219.1
Project("{FAE04EC0-301F-11D3-BF4B-00C04F79EFBC}") = "AmadoApp.MVC", "AmadoApp.MVC\AmadoApp.MVC.csproj", "{ED2694DD-5026-4519-92B3-6DA0E2BE729C}"
EndProject
Project("{FAE04EC0-301F-11D3-BF4B-00C04F79EFBC}") = "AmadoApp.Business", "AmadoApp.Business\AmadoApp.Business.csproj", "{A610175D-FA19-4F4B-B832-6EFA1D875F97}"
EndProject
Project("{FAE04EC0-301F-11D3-BF4B-00C04F79EFBC}") = "AmadoApp.DAL", "AmadoApp.DAL\AmadoApp.DAL.csproj", "{DAF7611F-F3A9-48F0-A5B3-8172CE7373AE}"
EndProject
Project("{FAE04EC0-301F-11D3-BF4B-00C04F79EFBC}") = "AmadoApp.Core", "AmadoApp.Core\AmadoApp.Core.csproj", "{A68C6937-F719-4CAC-8312-CD0FFB89D3BE}"
EndProject
Global
	GlobalSection(SolutionConfigurationPlatforms) = preSolution
		Debug|Any CPU = Debug|Any CPU
		Release|Any CPU = Release|Any CPU
	EndGlobalSection
	GlobalSection(ProjectConfigurationPlatforms) = postSolution
		{ED2694DD-5026-4519-92B3-6DA0E2BE729C}.Debug|Any CPU.ActiveCfg = Debug|Any CPU
		{ED2694DD-5026-4519-92B3-6DA0E2BE729C}.Debug|Any CPU.Build.0 = Debug|Any CPU
		{ED2694DD-5026-4519-92B3-6DA0E2BE729C}.Release|Any CPU.ActiveCfg = Release|Any CPU
		{ED2694DD-5026-4519-92B3-6DA0E2BE729C}.Release|Any CPU.Build.0 = Release|Any CPU
		{A610175D-FA19-4F4B-B832-6EFA1D875F97}.Debug|Any CPU.ActiveCfg = Debug|Any CPU
		{A610175D-FA19-4F4B-B832-6EFA1D875F97}.Debug|Any CPU.Build.0 = Debug|Any CPU
		{A610175D-FA19-4F4B-B832-6EFA1D875F97}.Release|Any CPU.ActiveCfg = Release|Any CPU
		{A610175D-FA19-4F4B-B832-6EFA1D875F97}.Release|Any CPU.Build.0 = Release|Any CPU
		{DAF7611F-F3A9-48F0-A5B3-8172CE7373AE}.Debug|Any CPU.ActiveCfg = Debug|Any CPU
		{DAF7611F-F3A9-48F0-A5B3-8172CE7373AE}.Debug|Any CPU.Build.0 = Debug|Any CPU
		{DAF7611F-F3A9-48F0-A5B3-8172CE7373AE}.Release|Any CPU.ActiveCfg = Release|Any CPU
		{DAF7611F-F3A9-48F0-A5B3-8172CE7373AE}.Release|Any CPU.Build.0 = Release|Any CPU
		{A68C6937-F719-4CAC-8312-CD0FFB89D3BE}.Debug|Any CPU.ActiveCfg = Debug|Any CPU
		{A68C6937-F719-4CAC-8312-CD0FFB89D3BE}.Debug|Any CPU.Build.0 = Debug|Any CPU
		{A68C6937-F719-4CAC-8312-CD0FFB89D3BE}.Release|Any CPU.ActiveCfg = Release|Any CPU
		{A68C6937-F719-4CAC-8312-CD0FFB89D3BE}.Release|Any CPU.Build.0 = Release|Any CPU
	EndGlobalSection
	GlobalSection(SolutionProperties) = preSolution
		HideSolutionNode = FALSE
	EndGlobalSection
	GlobalSection(ExtensibilityGlobals) = postSolution
		SolutionGuid = {C44A8C3C-89CD-4641-953E-384E550ACFD4}
	EndGlobalSection
EndGlobal
